
Microsoft Visual Studio Solution File, Format Version 12.00
Project("{2150E333-8FDC-42A3-9474-1A3956D46DE8}") = "Source", "Source", "{F5215E7C-BA76-4582-BA5E-6C1650077E02}"
EndProject
Project("{FAE04EC0-301F-11D3-BF4B-00C04F79EFBC}") = "Elevator", "Elevator\Elevator.csproj", "{DD98B8D1-2F9B-433D-A5D6-AB49097022F7}"
EndProject
Project("{2150E333-8FDC-42A3-9474-1A3956D46DE8}") = "Tests", "Tests", "{9FB40CDA-EF54-40AC-9527-EA0B0224D9E4}"
EndProject
Project("{FAE04EC0-301F-11D3-BF4B-00C04F79EFBC}") = "Elevator.Tests", "Elevator.Tests\Elevator.Tests.csproj", "{607B816A-7A00-4406-9992-ED51601C1152}"
EndProject
Global
	GlobalSection(SolutionConfigurationPlatforms) = preSolution
		Debug|Any CPU = Debug|Any CPU
		Release|Any CPU = Release|Any CPU
	EndGlobalSection
	GlobalSection(NestedProjects) = preSolution
		{DD98B8D1-2F9B-433D-A5D6-AB49097022F7} = {F5215E7C-BA76-4582-BA5E-6C1650077E02}
		{607B816A-7A00-4406-9992-ED51601C1152} = {9FB40CDA-EF54-40AC-9527-EA0B0224D9E4}
	EndGlobalSection
	GlobalSection(ProjectConfigurationPlatforms) = postSolution
		{DD98B8D1-2F9B-433D-A5D6-AB49097022F7}.Debug|Any CPU.ActiveCfg = Debug|Any CPU
		{DD98B8D1-2F9B-433D-A5D6-AB49097022F7}.Debug|Any CPU.Build.0 = Debug|Any CPU
		{DD98B8D1-2F9B-433D-A5D6-AB49097022F7}.Release|Any CPU.ActiveCfg = Release|Any CPU
		{DD98B8D1-2F9B-433D-A5D6-AB49097022F7}.Release|Any CPU.Build.0 = Release|Any CPU
		{607B816A-7A00-4406-9992-ED51601C1152}.Debug|Any CPU.ActiveCfg = Debug|Any CPU
		{607B816A-7A00-4406-9992-ED51601C1152}.Debug|Any CPU.Build.0 = Debug|Any CPU
		{607B816A-7A00-4406-9992-ED51601C1152}.Release|Any CPU.ActiveCfg = Release|Any CPU
		{607B816A-7A00-4406-9992-ED51601C1152}.Release|Any CPU.Build.0 = Release|Any CPU
	EndGlobalSection
EndGlobal
